{
  "version": 4,
  "terraform_version": "1.1.7",
  "serial": 15,
  "lineage": "dd8cc359-3745-2f78-94ec-9aee927eed81",
  "outputs": {
    "public_ip_address": {
      "value": "20.231.30.120",
      "type": "string"
    },
    "resource_group_name": {
      "value": "rg-together-kingfish",
      "type": "string"
    },
    "tls_private_key": {
      "value": "-----BEGIN RSA PRIVATE KEY-----\nMIIJKQIBAAKCAgEA3askc3izTQqQEPjaR8v8ZsBPS18bper23EmlVNk95nE+O/Ym\nRvhS+Si2pU/zncetf19Pqc8J8TNFCU2r8XxjMVQwFlysDaA6bVX2pZMl/Y2jWhPj\naMXNmrrFUCuL2di6rLS9z7KNAPyNnCm06aFVXLgeZKr4wfvfhw9DzgJvQhU6HVnp\n6tcqA2d41cdR2s1H1vNU25O8P+Imak3WWug8LLFV3wL1d4L/WM3KQtlbyyrJC+N5\nPP+JeYtKJvV7SYk4SC0xrHehuk/E/SDNRIJoekZZlfvJg/l6XRbdPsibCxVmhJE6\n0TW95Teqwbo8mOCTDKNlI8qhkd+aB9Af0f4Hst2FqspCLmjIlx6fugV41RrxBjg6\nHhylZ+s+LYdNl/OI6Qhs8wVHbPFTRMs32fY+0Zbv3elziQzQNHUfgtAvOnQ0q/e+\nvOqO4BfzZm7wkbUgtFnZw4IPT9HIbGQEZJA2O47/9ORtBGS75NxEHBUYQI4Zfxqf\nk2Uzc5QfLGhMUY5EEPvRiZmG9xPpTuy9qdLfJUM1/iNIHfa2J52/1bSai8i+1Mrs\nJqiLEWhiB3amWwbOwPR08ReyuQ3FCH6uM3NGmjtHmG4xsK/A1UVS9rqNua4GKXBP\nI8DTA9EZxjjhvBSoMml0j/Kvix3zs2OyDkeyQZmsv6sa8WqX6Bm8X6yoz38CAwEA\nAQKCAgEAjg/Np5dWSeyYEdh6hALuOqfK6cIFRRtFpD4qkCs96X7v5JvHQjqJapc2\nHtITji3XOkdKFcjTVVqHRwQZSwVtyMJsoxg3R/BFIaczEEAy28G3S9ZtKsuCDkTe\niZeu5Clq0Z5v+zkx9szksI1mHUjBHU/+YoPUMvYJ9lPJH7Edvps+CGuEZ3YHvfDF\nVzSLeA+Rl+eQnbybq9FyzzQdSVuGnRn1r5wE1tgEb9RLaPZGRvmfqVfabkZSw6uK\nFVfD8IfZoyAbsq1k37OZyqQICX0OGjcV2PJp3oO3cQtjNYZ5HuxTLGiq6kNn9Qvt\nCoUhqtRaSYI6ImsNiyBjZdhzXDBSm5TIcyEAk9lo4bO5fid5uq/KYKKw0B3YpY2r\n+jXrHhSSxYfWvN7fnLRoC2s+OSxvowypMIo4X8+19/10ZVKNB2FfI6fWouHoTYXg\nN4iUbna/yY0Kr4ZFFWHzbJWP4CUdz3N40p/NUXTqLKTIEqmh/nLp8tmIGz45/Kug\nHguc/p55JHxXEDsDweGM276GCycMmEHfOXpd/zL35yu42xLZaTmEUtfW3wCgjCwL\n2gw0PPp/BZxY1/odC7RMURG2/Zx2oYRW2IdH9KHubsYhbcLTJnvaGw2VEBqw76iu\nbPE20L/SQlB2WPinxMP9TbI8vZ1zJH3HbXEYlWJvpKV9S7uy58ECggEBAOl//T4X\nOwMCOSiwxJdqhZD8hAmXNMlJagu/mnNEtA5QGdC1mQa6gY9hG85TmR6w6BBhk31j\nwVW8J4+G/ORv0+60FjCGBppd623OZJ7ybxA+tj/E07ryt43J2JxCrB6dFKDP5/c0\nt38mtNwSj+QMtiCCHitulBoFpykcBKHw46oGUENhMUWgUEqAelJjSQgOmzu7E4JO\ncMQzX62034DbqHTPgvOQ3lHZck5h1oQ5o1g8k3+qClhpLbat87GNPQgNkoKJy4f6\nwlNG0WqPYWeP9p/klNfjsniQj2Kt7ezd6ekJA3CAo8C4eDB5hT78JF3RFUWHzjU6\nrOznelmT8/J8JCECggEBAPMHSy0S7MEFIjTv7ba1ymms09/RZ+3Kyr1F+ejB7+9i\nIi+5UnBUqhFF1zhuP++YNDBNfhgEVVcYGW6P94vCjuMIz2tteqUjLZ233zfMZ7sZ\nDceNgyz5rAmyMLeCr9NI2hNfR+FzXcjulkCXBamYjmozNQ2G5ZICMeEZllqI4pK7\npa+PoK6e09usBu8TfPBWaPE0qx7UeYkXTi2jwTgjI79SKV/61bSH0QRKNZ2Pms4T\nmBHAKnnk/qIEWtocZsXkU6eNEJjBU6mRJEI7qdOXmBdDnbQPa7NeUDd0iF/J9FLL\ngAVHdyatuRfyjE2eQnMi7vhJIOCIryk8QweAVcdif58CggEADwc3y1k/aRApkZ7e\n6Efo1M4LyXo74YCiHKN2U1jmpc0t/CrT8ITsdcfwPDVRM5J7PSKqlXVoKhZ0DV7I\nxAMWhtR8YR8fKaxFzMlt3HUKBOekXzJR1kRs3+lP0a7Q2R+PBlKbQWPZM4vQNCHV\ntP3Ecw8s1erGCW63tYOiILIaVQUXAV8uBqcsw77FIKxXNPeLsip2NPrLczVDQTDU\n+bwpeWspqHd4d5ghLT5KyjPTeYhcjejpxYrvcER93L2UYgJNna00tknDXAzAybT0\nte+kFeJmWgbDo9LaB6XeHFKkDWWRHRqKb4rv4V7Q3p7n0En2roTxFqfyHUVAsKc/\nGio3QQKCAQAG0cqTPje0ht9Z2u2xtdIzOu1LF4YyDwG3Y/JKTL7d2cQZ0Lp2enm3\nOF18sONMZtn4DQSfyedXJU75YkLRAimeR04CtrS9U4phJZq25x52CpLvaZInve3M\n69ogHCOw6xdreb37npAgJknDEDnRc31zj3JKqeFhQnyB04T7j2HEOk3A6mfY3o4V\nWPNs3AAiglo5gn/WwqGSbjv8Xd77I0lKghS1I8XBZhpAY5CzlicC51vaC6lleD6I\n71RZUHi1zt1mEzhHAQ3G8VKyJRhz3oofBP+04MXl55yaocN95J3dgOZbv5ChXjiW\nanDzcKBuuKk6AFtS0aMQpic/W6OMj8ADAoIBAQDFMaIKvftm+YrTNxjrazHq3eRq\njPoPKBp3xncMCHvVxMubzlpk5P7HmnSDj11qE0n+RqYi+x17TKU2oP+qL1U7gwVq\nZNJqL09OzIkajjSf8+VIUWLmiIG493szRp0nY51YcGrenVbXm3lPMMQOmU6Goh5c\nGoZWY/TsyP9snHijw5oDHKjrIjx7/UeXVDF+BtChWZkj8eZex7OPvkzr5SPoAR02\nJDdUCYsUHOz+QugnbvKSd29gBHYou/7Xclmrl5wMEOZtAGwDBjbJoS4HoWp8Ra2J\nB3zHgZwuQba1xTlQFBHq2Ee3dVJzRn2ROSzz0lx0NKLPuvdvEHZ0rNADa7+B\n-----END RSA PRIVATE KEY-----\n",
      "type": "string",
      "sensitive": true
    }
  },
  "resources": [
    {
      "mode": "managed",
      "type": "azurerm_linux_virtual_machine",
      "name": "myterraformvm",
      "provider": "provider[\"registry.terraform.io/hashicorp/azurerm\"]",
      "instances": [
        {
          "schema_version": 0,
          "attributes": {
            "additional_capabilities": [],
            "admin_password": null,
            "admin_ssh_key": [
              {
                "public_key": "ssh-rsa AAAAB3NzaC1yc2EAAAADAQABAAACAQDdqyRzeLNNCpAQ+NpHy/xmwE9LXxul6vbcSaVU2T3mcT479iZG+FL5KLalT/Odx61/X0+pzwnxM0UJTavxfGMxVDAWXKwNoDptVfalkyX9jaNaE+Noxc2ausVQK4vZ2LqstL3Pso0A/I2cKbTpoVVcuB5kqvjB+9+HD0POAm9CFTodWenq1yoDZ3jVx1HazUfW81Tbk7w/4iZqTdZa6DwssVXfAvV3gv9YzcpC2VvLKskL43k8/4l5i0om9XtJiThILTGsd6G6T8T9IM1Egmh6RlmV+8mD+XpdFt0+yJsLFWaEkTrRNb3lN6rBujyY4JMMo2UjyqGR35oH0B/R/gey3YWqykIuaMiXHp+6BXjVGvEGODoeHKVn6z4th02X84jpCGzzBUds8VNEyzfZ9j7Rlu/d6XOJDNA0dR+C0C86dDSr97686o7gF/NmbvCRtSC0WdnDgg9P0chsZARkkDY7jv/05G0EZLvk3EQcFRhAjhl/Gp+TZTNzlB8saExRjkQQ+9GJmYb3E+lO7L2p0t8lQzX+I0gd9rYnnb/VtJqLyL7UyuwmqIsRaGIHdqZbBs7A9HTxF7K5DcUIfq4zc0aaO0eYbjGwr8DVRVL2uo25rgYpcE8jwNMD0RnGOOG8FKgyaXSP8q+LHfOzY7IOR7JBmay/qxrxapfoGbxfrKjPfw==\n",
                "username": "azureuser"
              }
            ],
            "admin_username": "azureuser",
            "allow_extension_operations": true,
            "availability_set_id": "",
            "boot_diagnostics": [
              {
                "storage_account_uri": "https://diagc2ec75934a839a7d.blob.core.windows.net/"
              }
            ],
            "computer_name": "myvm",
            "custom_data": null,
            "dedicated_host_group_id": "",
            "dedicated_host_id": "",
            "disable_password_authentication": true,
            "encryption_at_host_enabled": false,
            "eviction_policy": "",
            "extensions_time_budget": "PT1H30M",
            "id": "/subscriptions/cc0cb784-577a-4943-acc1-4fb487103b77/resourceGroups/rg-together-kingfish/providers/Microsoft.Compute/virtualMachines/myVM",
            "identity": [],
            "license_type": "",
            "location": "eastus",
            "max_bid_price": -1,
            "name": "myVM",
            "network_interface_ids": [
              "/subscriptions/cc0cb784-577a-4943-acc1-4fb487103b77/resourceGroups/rg-together-kingfish/providers/Microsoft.Network/networkInterfaces/myNIC"
            ],
            "os_disk": [
              {
                "caching": "ReadWrite",
                "diff_disk_settings": [],
                "disk_encryption_set_id": "",
                "disk_size_gb": 30,
                "name": "myOsDisk",
                "storage_account_type": "Premium_LRS",
                "write_accelerator_enabled": false
              }
            ],
            "patch_mode": "ImageDefault",
            "plan": [],
            "platform_fault_domain": -1,
            "priority": "Regular",
            "private_ip_address": "10.0.1.4",
            "private_ip_addresses": [
              "10.0.1.4"
            ],
            "provision_vm_agent": true,
            "proximity_placement_group_id": "",
            "public_ip_address": "20.231.30.120",
            "public_ip_addresses": [
              "20.231.30.120"
            ],
            "resource_group_name": "rg-together-kingfish",
            "secret": [],
            "secure_boot_enabled": false,
            "size": "Standard_DS1_v2",
            "source_image_id": "",
            "source_image_reference": [
              {
                "offer": "UbuntuServer",
                "publisher": "Canonical",
                "sku": "18.04-LTS",
                "version": "latest"
              }
            ],
            "tags": null,
            "timeouts": null,
            "user_data": "",
            "virtual_machine_id": "e93f0017-bb65-429b-b123-045e8c322202",
            "virtual_machine_scale_set_id": "",
            "vtpm_enabled": false,
            "zone": ""
          },
          "sensitive_attributes": [],
          "private": "eyJlMmJmYjczMC1lY2FhLTExZTYtOGY4OC0zNDM2M2JjN2M0YzAiOnsiY3JlYXRlIjoyNzAwMDAwMDAwMDAwLCJkZWxldGUiOjI3MDAwMDAwMDAwMDAsInJlYWQiOjMwMDAwMDAwMDAwMCwidXBkYXRlIjoyNzAwMDAwMDAwMDAwfX0=",
          "dependencies": [
            "azurerm_network_interface.myterraformnic",
            "azurerm_public_ip.myterraformpublicip",
            "azurerm_resource_group.rg",
            "azurerm_storage_account.mystorageaccount",
            "azurerm_subnet.myterraformsubnet",
            "azurerm_virtual_network.myterraformnetwork",
            "random_id.randomId",
            "random_pet.rg-name",
            "tls_private_key.example_ssh"
          ]
        }
      ]
    },
    {
      "mode": "managed",
      "type": "azurerm_network_interface",
      "name": "myterraformnic",
      "provider": "provider[\"registry.terraform.io/hashicorp/azurerm\"]",
      "instances": [
        {
          "schema_version": 0,
          "attributes": {
            "applied_dns_servers": [],
            "dns_servers": [],
            "enable_accelerated_networking": false,
            "enable_ip_forwarding": false,
            "id": "/subscriptions/cc0cb784-577a-4943-acc1-4fb487103b77/resourceGroups/rg-together-kingfish/providers/Microsoft.Network/networkInterfaces/myNIC",
            "internal_dns_name_label": "",
            "internal_domain_name_suffix": "bdwyx1kpu3iexdgqlsomrjo1eb.bx.internal.cloudapp.net",
            "ip_configuration": [
              {
                "gateway_load_balancer_frontend_ip_configuration_id": "",
                "name": "myNicConfiguration",
                "primary": true,
                "private_ip_address": "10.0.1.4",
                "private_ip_address_allocation": "Dynamic",
                "private_ip_address_version": "IPv4",
                "public_ip_address_id": "/subscriptions/cc0cb784-577a-4943-acc1-4fb487103b77/resourceGroups/rg-together-kingfish/providers/Microsoft.Network/publicIPAddresses/myPublicIP",
                "subnet_id": "/subscriptions/cc0cb784-577a-4943-acc1-4fb487103b77/resourceGroups/rg-together-kingfish/providers/Microsoft.Network/virtualNetworks/myVnet/subnets/mySubnet"
              }
            ],
            "location": "eastus",
            "mac_address": "",
            "name": "myNIC",
            "private_ip_address": "10.0.1.4",
            "private_ip_addresses": [
              "10.0.1.4"
            ],
            "resource_group_name": "rg-together-kingfish",
            "tags": null,
            "timeouts": null,
            "virtual_machine_id": ""
          },
          "sensitive_attributes": [],
          "private": "eyJlMmJmYjczMC1lY2FhLTExZTYtOGY4OC0zNDM2M2JjN2M0YzAiOnsiY3JlYXRlIjoxODAwMDAwMDAwMDAwLCJkZWxldGUiOjE4MDAwMDAwMDAwMDAsInJlYWQiOjMwMDAwMDAwMDAwMCwidXBkYXRlIjoxODAwMDAwMDAwMDAwfX0=",
          "dependencies": [
            "azurerm_public_ip.myterraformpublicip",
            "azurerm_resource_group.rg",
            "azurerm_subnet.myterraformsubnet",
            "azurerm_virtual_network.myterraformnetwork",
            "random_pet.rg-name"
          ]
        }
      ]
    },
    {
      "mode": "managed",
      "type": "azurerm_network_interface_security_group_association",
      "name": "example",
      "provider": "provider[\"registry.terraform.io/hashicorp/azurerm\"]",
      "instances": [
        {
          "schema_version": 0,
          "attributes": {
            "id": "/subscriptions/cc0cb784-577a-4943-acc1-4fb487103b77/resourceGroups/rg-together-kingfish/providers/Microsoft.Network/networkInterfaces/myNIC|/subscriptions/cc0cb784-577a-4943-acc1-4fb487103b77/resourceGroups/rg-together-kingfish/providers/Microsoft.Network/networkSecurityGroups/myNetworkSecurityGroup",
            "network_interface_id": "/subscriptions/cc0cb784-577a-4943-acc1-4fb487103b77/resourceGroups/rg-together-kingfish/providers/Microsoft.Network/networkInterfaces/myNIC",
            "network_security_group_id": "/subscriptions/cc0cb784-577a-4943-acc1-4fb487103b77/resourceGroups/rg-together-kingfish/providers/Microsoft.Network/networkSecurityGroups/myNetworkSecurityGroup",
            "timeouts": null
          },
          "sensitive_attributes": [],
          "private": "eyJlMmJmYjczMC1lY2FhLTExZTYtOGY4OC0zNDM2M2JjN2M0YzAiOnsiY3JlYXRlIjoxODAwMDAwMDAwMDAwLCJkZWxldGUiOjE4MDAwMDAwMDAwMDAsInJlYWQiOjMwMDAwMDAwMDAwMCwidXBkYXRlIjoxODAwMDAwMDAwMDAwfX0=",
          "dependencies": [
            "azurerm_network_interface.myterraformnic",
            "azurerm_network_security_group.myterraformnsg",
            "azurerm_public_ip.myterraformpublicip",
            "azurerm_resource_group.rg",
            "azurerm_subnet.myterraformsubnet",
            "azurerm_virtual_network.myterraformnetwork",
            "random_pet.rg-name"
          ]
        }
      ]
    },
    {
      "mode": "managed",
      "type": "azurerm_network_security_group",
      "name": "myterraformnsg",
      "provider": "provider[\"registry.terraform.io/hashicorp/azurerm\"]",
      "instances": [
        {
          "schema_version": 0,
          "attributes": {
            "id": "/subscriptions/cc0cb784-577a-4943-acc1-4fb487103b77/resourceGroups/rg-together-kingfish/providers/Microsoft.Network/networkSecurityGroups/myNetworkSecurityGroup",
            "location": "eastus",
            "name": "myNetworkSecurityGroup",
            "resource_group_name": "rg-together-kingfish",
            "security_rule": [
              {
                "access": "Allow",
                "description": "",
                "destination_address_prefix": "*",
                "destination_address_prefixes": [],
                "destination_application_security_group_ids": [],
                "destination_port_range": "22",
                "destination_port_ranges": [],
                "direction": "Inbound",
                "name": "SSH",
                "priority": 1001,
                "protocol": "Tcp",
                "source_address_prefix": "*",
                "source_address_prefixes": [],
                "source_application_security_group_ids": [],
                "source_port_range": "*",
                "source_port_ranges": []
              }
            ],
            "tags": null,
            "timeouts": null
          },
          "sensitive_attributes": [],
          "private": "eyJlMmJmYjczMC1lY2FhLTExZTYtOGY4OC0zNDM2M2JjN2M0YzAiOnsiY3JlYXRlIjoxODAwMDAwMDAwMDAwLCJkZWxldGUiOjE4MDAwMDAwMDAwMDAsInJlYWQiOjMwMDAwMDAwMDAwMCwidXBkYXRlIjoxODAwMDAwMDAwMDAwfX0=",
          "dependencies": [
            "azurerm_resource_group.rg",
            "random_pet.rg-name"
          ]
        }
      ]
    },
    {
      "mode": "managed",
      "type": "azurerm_public_ip",
      "name": "myterraformpublicip",
      "provider": "provider[\"registry.terraform.io/hashicorp/azurerm\"]",
      "instances": [
        {
          "schema_version": 0,
          "attributes": {
            "allocation_method": "Dynamic",
            "availability_zone": "No-Zone",
            "domain_name_label": null,
            "fqdn": null,
            "id": "/subscriptions/cc0cb784-577a-4943-acc1-4fb487103b77/resourceGroups/rg-together-kingfish/providers/Microsoft.Network/publicIPAddresses/myPublicIP",
            "idle_timeout_in_minutes": 4,
            "ip_address": "",
            "ip_tags": null,
            "ip_version": "IPv4",
            "location": "eastus",
            "name": "myPublicIP",
            "public_ip_prefix_id": null,
            "resource_group_name": "rg-together-kingfish",
            "reverse_fqdn": null,
            "sku": "Basic",
            "sku_tier": "Regional",
            "tags": null,
            "timeouts": null,
            "zones": []
          },
          "sensitive_attributes": [],
          "private": "eyJlMmJmYjczMC1lY2FhLTExZTYtOGY4OC0zNDM2M2JjN2M0YzAiOnsiY3JlYXRlIjoxODAwMDAwMDAwMDAwLCJkZWxldGUiOjE4MDAwMDAwMDAwMDAsInJlYWQiOjMwMDAwMDAwMDAwMCwidXBkYXRlIjoxODAwMDAwMDAwMDAwfX0=",
          "dependencies": [
            "azurerm_resource_group.rg",
            "random_pet.rg-name"
          ]
        }
      ]
    },
    {
      "mode": "managed",
      "type": "azurerm_resource_group",
      "name": "rg",
      "provider": "provider[\"registry.terraform.io/hashicorp/azurerm\"]",
      "instances": [
        {
          "schema_version": 0,
          "attributes": {
            "id": "/subscriptions/cc0cb784-577a-4943-acc1-4fb487103b77/resourceGroups/rg-together-kingfish",
            "location": "eastus",
            "name": "rg-together-kingfish",
            "tags": null,
            "timeouts": null
          },
          "sensitive_attributes": [],
          "private": "eyJlMmJmYjczMC1lY2FhLTExZTYtOGY4OC0zNDM2M2JjN2M0YzAiOnsiY3JlYXRlIjo1NDAwMDAwMDAwMDAwLCJkZWxldGUiOjU0MDAwMDAwMDAwMDAsInJlYWQiOjMwMDAwMDAwMDAwMCwidXBkYXRlIjo1NDAwMDAwMDAwMDAwfX0=",
          "dependencies": [
            "random_pet.rg-name"
          ]
        }
      ]
    },
    {
      "mode": "managed",
      "type": "azurerm_storage_account",
      "name": "mystorageaccount",
      "provider": "provider[\"registry.terraform.io/hashicorp/azurerm\"]",
      "instances": [
        {
          "schema_version": 2,
          "attributes": {
            "access_tier": "Hot",
            "account_kind": "StorageV2",
            "account_replication_type": "LRS",
            "account_tier": "Standard",
            "allow_blob_public_access": false,
            "azure_files_authentication": [],
            "blob_properties": [
              {
                "change_feed_enabled": false,
                "container_delete_retention_policy": [],
                "cors_rule": [],
                "default_service_version": "",
                "delete_retention_policy": [],
                "last_access_time_enabled": false,
                "versioning_enabled": false
              }
            ],
            "custom_domain": [],
            "customer_managed_key": [],
            "enable_https_traffic_only": true,
            "id": "/subscriptions/cc0cb784-577a-4943-acc1-4fb487103b77/resourceGroups/rg-together-kingfish/providers/Microsoft.Storage/storageAccounts/diagc2ec75934a839a7d",
            "identity": [],
            "infrastructure_encryption_enabled": false,
            "is_hns_enabled": false,
            "large_file_share_enabled": null,
            "location": "eastus",
            "min_tls_version": "TLS1_0",
            "name": "diagc2ec75934a839a7d",
            "network_rules": [
              {
                "bypass": [
                  "AzureServices"
                ],
                "default_action": "Allow",
                "ip_rules": [],
                "private_link_access": [],
                "virtual_network_subnet_ids": []
              }
            ],
            "nfsv3_enabled": false,
            "primary_access_key": "WKFr6pDs6OGyOpPCuA5Cu5WQpGMSRsRR+TEOSSHmerj3J23Xtd9TV8E8dYM/qWyOLC893O6RuW2j+AStjqhglg==",
            "primary_blob_connection_string": "DefaultEndpointsProtocol=https;BlobEndpoint=https://diagc2ec75934a839a7d.blob.core.windows.net/;AccountName=diagc2ec75934a839a7d;AccountKey=WKFr6pDs6OGyOpPCuA5Cu5WQpGMSRsRR+TEOSSHmerj3J23Xtd9TV8E8dYM/qWyOLC893O6RuW2j+AStjqhglg==",
            "primary_blob_endpoint": "https://diagc2ec75934a839a7d.blob.core.windows.net/",
            "primary_blob_host": "diagc2ec75934a839a7d.blob.core.windows.net",
            "primary_connection_string": "DefaultEndpointsProtocol=https;AccountName=diagc2ec75934a839a7d;AccountKey=WKFr6pDs6OGyOpPCuA5Cu5WQpGMSRsRR+TEOSSHmerj3J23Xtd9TV8E8dYM/qWyOLC893O6RuW2j+AStjqhglg==;EndpointSuffix=core.windows.net",
            "primary_dfs_endpoint": "https://diagc2ec75934a839a7d.dfs.core.windows.net/",
            "primary_dfs_host": "diagc2ec75934a839a7d.dfs.core.windows.net",
            "primary_file_endpoint": "https://diagc2ec75934a839a7d.file.core.windows.net/",
            "primary_file_host": "diagc2ec75934a839a7d.file.core.windows.net",
            "primary_location": "eastus",
            "primary_queue_endpoint": "https://diagc2ec75934a839a7d.queue.core.windows.net/",
            "primary_queue_host": "diagc2ec75934a839a7d.queue.core.windows.net",
            "primary_table_endpoint": "https://diagc2ec75934a839a7d.table.core.windows.net/",
            "primary_table_host": "diagc2ec75934a839a7d.table.core.windows.net",
            "primary_web_endpoint": "https://diagc2ec75934a839a7d.z13.web.core.windows.net/",
            "primary_web_host": "diagc2ec75934a839a7d.z13.web.core.windows.net",
            "queue_encryption_key_type": "Service",
            "queue_properties": [
              {
                "cors_rule": [],
                "hour_metrics": [
                  {
                    "enabled": true,
                    "include_apis": true,
                    "retention_policy_days": 7,
                    "version": "1.0"
                  }
                ],
                "logging": [
                  {
                    "delete": false,
                    "read": false,
                    "retention_policy_days": 0,
                    "version": "1.0",
                    "write": false
                  }
                ],
                "minute_metrics": [
                  {
                    "enabled": false,
                    "include_apis": false,
                    "retention_policy_days": 0,
                    "version": "1.0"
                  }
                ]
              }
            ],
            "resource_group_name": "rg-together-kingfish",
            "routing": [],
            "secondary_access_key": "LEiUC4xv9UUWe/gDtUZG2Bh0k71LFiukxLNx/hOpTrlGR47VcM6+QST0XSOyudalj3a5y6El2Qmd+ASte7EJIA==",
            "secondary_blob_connection_string": "",
            "secondary_blob_endpoint": null,
            "secondary_blob_host": null,
            "secondary_connection_string": "DefaultEndpointsProtocol=https;AccountName=diagc2ec75934a839a7d;AccountKey=LEiUC4xv9UUWe/gDtUZG2Bh0k71LFiukxLNx/hOpTrlGR47VcM6+QST0XSOyudalj3a5y6El2Qmd+ASte7EJIA==;EndpointSuffix=core.windows.net",
            "secondary_dfs_endpoint": null,
            "secondary_dfs_host": null,
            "secondary_file_endpoint": null,
            "secondary_file_host": null,
            "secondary_location": "",
            "secondary_queue_endpoint": null,
            "secondary_queue_host": null,
            "secondary_table_endpoint": null,
            "secondary_table_host": null,
            "secondary_web_endpoint": null,
            "secondary_web_host": null,
            "share_properties": [
              {
                "cors_rule": [],
                "retention_policy": [
                  {
                    "days": 7
                  }
                ],
                "smb": []
              }
            ],
            "shared_access_key_enabled": true,
            "static_website": [],
            "table_encryption_key_type": "Service",
            "tags": null,
            "timeouts": null
          },
          "sensitive_attributes": [],
          "private": "eyJlMmJmYjczMC1lY2FhLTExZTYtOGY4OC0zNDM2M2JjN2M0YzAiOnsiY3JlYXRlIjozNjAwMDAwMDAwMDAwLCJkZWxldGUiOjM2MDAwMDAwMDAwMDAsInJlYWQiOjMwMDAwMDAwMDAwMCwidXBkYXRlIjozNjAwMDAwMDAwMDAwfSwic2NoZW1hX3ZlcnNpb24iOiIyIn0=",
          "dependencies": [
            "azurerm_resource_group.rg",
            "random_id.randomId",
            "random_pet.rg-name"
          ]
        }
      ]
    },
    {
      "mode": "managed",
      "type": "azurerm_subnet",
      "name": "myterraformsubnet",
      "provider": "provider[\"registry.terraform.io/hashicorp/azurerm\"]",
      "instances": [
        {
          "schema_version": 0,
          "attributes": {
            "address_prefix": "10.0.1.0/24",
            "address_prefixes": [
              "10.0.1.0/24"
            ],
            "delegation": [],
            "enforce_private_link_endpoint_network_policies": false,
            "enforce_private_link_service_network_policies": false,
            "id": "/subscriptions/cc0cb784-577a-4943-acc1-4fb487103b77/resourceGroups/rg-together-kingfish/providers/Microsoft.Network/virtualNetworks/myVnet/subnets/mySubnet",
            "name": "mySubnet",
            "resource_group_name": "rg-together-kingfish",
            "service_endpoint_policy_ids": null,
            "service_endpoints": null,
            "timeouts": null,
            "virtual_network_name": "myVnet"
          },
          "sensitive_attributes": [],
          "private": "eyJlMmJmYjczMC1lY2FhLTExZTYtOGY4OC0zNDM2M2JjN2M0YzAiOnsiY3JlYXRlIjoxODAwMDAwMDAwMDAwLCJkZWxldGUiOjE4MDAwMDAwMDAwMDAsInJlYWQiOjMwMDAwMDAwMDAwMCwidXBkYXRlIjoxODAwMDAwMDAwMDAwfX0=",
          "dependencies": [
            "azurerm_resource_group.rg",
            "azurerm_virtual_network.myterraformnetwork",
            "random_pet.rg-name"
          ]
        }
      ]
    },
    {
      "mode": "managed",
      "type": "azurerm_virtual_network",
      "name": "myterraformnetwork",
      "provider": "provider[\"registry.terraform.io/hashicorp/azurerm\"]",
      "instances": [
        {
          "schema_version": 0,
          "attributes": {
            "address_space": [
              "10.0.0.0/16"
            ],
            "bgp_community": "",
            "ddos_protection_plan": [],
            "dns_servers": [],
            "flow_timeout_in_minutes": 0,
            "guid": "ed8bed08-a74f-4b50-8cd0-5c9cc8a5db21",
            "id": "/subscriptions/cc0cb784-577a-4943-acc1-4fb487103b77/resourceGroups/rg-together-kingfish/providers/Microsoft.Network/virtualNetworks/myVnet",
            "location": "eastus",
            "name": "myVnet",
            "resource_group_name": "rg-together-kingfish",
            "subnet": [],
            "tags": null,
            "timeouts": null,
            "vm_protection_enabled": false
          },
          "sensitive_attributes": [],
          "private": "eyJlMmJmYjczMC1lY2FhLTExZTYtOGY4OC0zNDM2M2JjN2M0YzAiOnsiY3JlYXRlIjoxODAwMDAwMDAwMDAwLCJkZWxldGUiOjE4MDAwMDAwMDAwMDAsInJlYWQiOjMwMDAwMDAwMDAwMCwidXBkYXRlIjoxODAwMDAwMDAwMDAwfX0=",
          "dependencies": [
            "azurerm_resource_group.rg",
            "random_pet.rg-name"
          ]
        }
      ]
    },
    {
      "mode": "managed",
      "type": "random_id",
      "name": "randomId",
      "provider": "provider[\"registry.terraform.io/hashicorp/random\"]",
      "instances": [
        {
          "schema_version": 0,
          "attributes": {
            "b64_std": "wux1k0qDmn0=",
            "b64_url": "wux1k0qDmn0",
            "byte_length": 8,
            "dec": "14045730613332515453",
            "hex": "c2ec75934a839a7d",
            "id": "wux1k0qDmn0",
            "keepers": {
              "resource_group": "rg-together-kingfish"
            },
            "prefix": null
          },
          "sensitive_attributes": [],
          "private": "bnVsbA==",
          "dependencies": [
            "azurerm_resource_group.rg",
            "random_pet.rg-name"
          ]
        }
      ]
    },
    {
      "mode": "managed",
      "type": "random_pet",
      "name": "rg-name",
      "provider": "provider[\"registry.terraform.io/hashicorp/random\"]",
      "instances": [
        {
          "schema_version": 0,
          "attributes": {
            "id": "rg-together-kingfish",
            "keepers": null,
            "length": 2,
            "prefix": "rg",
            "separator": "-"
          },
          "sensitive_attributes": [],
          "private": "bnVsbA=="
        }
      ]
    },
    {
      "mode": "managed",
      "type": "tls_private_key",
      "name": "example_ssh",
      "provider": "provider[\"registry.terraform.io/hashicorp/tls\"]",
      "instances": [
        {
          "schema_version": 0,
          "attributes": {
            "algorithm": "RSA",
            "ecdsa_curve": "P224",
            "id": "06fbdf529831ba7a0791c50d33a2526247d637fe",
            "private_key_pem": "-----BEGIN RSA PRIVATE KEY-----\nMIIJKQIBAAKCAgEA3askc3izTQqQEPjaR8v8ZsBPS18bper23EmlVNk95nE+O/Ym\nRvhS+Si2pU/zncetf19Pqc8J8TNFCU2r8XxjMVQwFlysDaA6bVX2pZMl/Y2jWhPj\naMXNmrrFUCuL2di6rLS9z7KNAPyNnCm06aFVXLgeZKr4wfvfhw9DzgJvQhU6HVnp\n6tcqA2d41cdR2s1H1vNU25O8P+Imak3WWug8LLFV3wL1d4L/WM3KQtlbyyrJC+N5\nPP+JeYtKJvV7SYk4SC0xrHehuk/E/SDNRIJoekZZlfvJg/l6XRbdPsibCxVmhJE6\n0TW95Teqwbo8mOCTDKNlI8qhkd+aB9Af0f4Hst2FqspCLmjIlx6fugV41RrxBjg6\nHhylZ+s+LYdNl/OI6Qhs8wVHbPFTRMs32fY+0Zbv3elziQzQNHUfgtAvOnQ0q/e+\nvOqO4BfzZm7wkbUgtFnZw4IPT9HIbGQEZJA2O47/9ORtBGS75NxEHBUYQI4Zfxqf\nk2Uzc5QfLGhMUY5EEPvRiZmG9xPpTuy9qdLfJUM1/iNIHfa2J52/1bSai8i+1Mrs\nJqiLEWhiB3amWwbOwPR08ReyuQ3FCH6uM3NGmjtHmG4xsK/A1UVS9rqNua4GKXBP\nI8DTA9EZxjjhvBSoMml0j/Kvix3zs2OyDkeyQZmsv6sa8WqX6Bm8X6yoz38CAwEA\nAQKCAgEAjg/Np5dWSeyYEdh6hALuOqfK6cIFRRtFpD4qkCs96X7v5JvHQjqJapc2\nHtITji3XOkdKFcjTVVqHRwQZSwVtyMJsoxg3R/BFIaczEEAy28G3S9ZtKsuCDkTe\niZeu5Clq0Z5v+zkx9szksI1mHUjBHU/+YoPUMvYJ9lPJH7Edvps+CGuEZ3YHvfDF\nVzSLeA+Rl+eQnbybq9FyzzQdSVuGnRn1r5wE1tgEb9RLaPZGRvmfqVfabkZSw6uK\nFVfD8IfZoyAbsq1k37OZyqQICX0OGjcV2PJp3oO3cQtjNYZ5HuxTLGiq6kNn9Qvt\nCoUhqtRaSYI6ImsNiyBjZdhzXDBSm5TIcyEAk9lo4bO5fid5uq/KYKKw0B3YpY2r\n+jXrHhSSxYfWvN7fnLRoC2s+OSxvowypMIo4X8+19/10ZVKNB2FfI6fWouHoTYXg\nN4iUbna/yY0Kr4ZFFWHzbJWP4CUdz3N40p/NUXTqLKTIEqmh/nLp8tmIGz45/Kug\nHguc/p55JHxXEDsDweGM276GCycMmEHfOXpd/zL35yu42xLZaTmEUtfW3wCgjCwL\n2gw0PPp/BZxY1/odC7RMURG2/Zx2oYRW2IdH9KHubsYhbcLTJnvaGw2VEBqw76iu\nbPE20L/SQlB2WPinxMP9TbI8vZ1zJH3HbXEYlWJvpKV9S7uy58ECggEBAOl//T4X\nOwMCOSiwxJdqhZD8hAmXNMlJagu/mnNEtA5QGdC1mQa6gY9hG85TmR6w6BBhk31j\nwVW8J4+G/ORv0+60FjCGBppd623OZJ7ybxA+tj/E07ryt43J2JxCrB6dFKDP5/c0\nt38mtNwSj+QMtiCCHitulBoFpykcBKHw46oGUENhMUWgUEqAelJjSQgOmzu7E4JO\ncMQzX62034DbqHTPgvOQ3lHZck5h1oQ5o1g8k3+qClhpLbat87GNPQgNkoKJy4f6\nwlNG0WqPYWeP9p/klNfjsniQj2Kt7ezd6ekJA3CAo8C4eDB5hT78JF3RFUWHzjU6\nrOznelmT8/J8JCECggEBAPMHSy0S7MEFIjTv7ba1ymms09/RZ+3Kyr1F+ejB7+9i\nIi+5UnBUqhFF1zhuP++YNDBNfhgEVVcYGW6P94vCjuMIz2tteqUjLZ233zfMZ7sZ\nDceNgyz5rAmyMLeCr9NI2hNfR+FzXcjulkCXBamYjmozNQ2G5ZICMeEZllqI4pK7\npa+PoK6e09usBu8TfPBWaPE0qx7UeYkXTi2jwTgjI79SKV/61bSH0QRKNZ2Pms4T\nmBHAKnnk/qIEWtocZsXkU6eNEJjBU6mRJEI7qdOXmBdDnbQPa7NeUDd0iF/J9FLL\ngAVHdyatuRfyjE2eQnMi7vhJIOCIryk8QweAVcdif58CggEADwc3y1k/aRApkZ7e\n6Efo1M4LyXo74YCiHKN2U1jmpc0t/CrT8ITsdcfwPDVRM5J7PSKqlXVoKhZ0DV7I\nxAMWhtR8YR8fKaxFzMlt3HUKBOekXzJR1kRs3+lP0a7Q2R+PBlKbQWPZM4vQNCHV\ntP3Ecw8s1erGCW63tYOiILIaVQUXAV8uBqcsw77FIKxXNPeLsip2NPrLczVDQTDU\n+bwpeWspqHd4d5ghLT5KyjPTeYhcjejpxYrvcER93L2UYgJNna00tknDXAzAybT0\nte+kFeJmWgbDo9LaB6XeHFKkDWWRHRqKb4rv4V7Q3p7n0En2roTxFqfyHUVAsKc/\nGio3QQKCAQAG0cqTPje0ht9Z2u2xtdIzOu1LF4YyDwG3Y/JKTL7d2cQZ0Lp2enm3\nOF18sONMZtn4DQSfyedXJU75YkLRAimeR04CtrS9U4phJZq25x52CpLvaZInve3M\n69ogHCOw6xdreb37npAgJknDEDnRc31zj3JKqeFhQnyB04T7j2HEOk3A6mfY3o4V\nWPNs3AAiglo5gn/WwqGSbjv8Xd77I0lKghS1I8XBZhpAY5CzlicC51vaC6lleD6I\n71RZUHi1zt1mEzhHAQ3G8VKyJRhz3oofBP+04MXl55yaocN95J3dgOZbv5ChXjiW\nanDzcKBuuKk6AFtS0aMQpic/W6OMj8ADAoIBAQDFMaIKvftm+YrTNxjrazHq3eRq\njPoPKBp3xncMCHvVxMubzlpk5P7HmnSDj11qE0n+RqYi+x17TKU2oP+qL1U7gwVq\nZNJqL09OzIkajjSf8+VIUWLmiIG493szRp0nY51YcGrenVbXm3lPMMQOmU6Goh5c\nGoZWY/TsyP9snHijw5oDHKjrIjx7/UeXVDF+BtChWZkj8eZex7OPvkzr5SPoAR02\nJDdUCYsUHOz+QugnbvKSd29gBHYou/7Xclmrl5wMEOZtAGwDBjbJoS4HoWp8Ra2J\nB3zHgZwuQba1xTlQFBHq2Ee3dVJzRn2ROSzz0lx0NKLPuvdvEHZ0rNADa7+B\n-----END RSA PRIVATE KEY-----\n",
            "public_key_fingerprint_md5": "11:5d:b0:9f:60:6e:a5:70:89:0b:3a:25:47:c4:33:30",
            "public_key_openssh": "ssh-rsa AAAAB3NzaC1yc2EAAAADAQABAAACAQDdqyRzeLNNCpAQ+NpHy/xmwE9LXxul6vbcSaVU2T3mcT479iZG+FL5KLalT/Odx61/X0+pzwnxM0UJTavxfGMxVDAWXKwNoDptVfalkyX9jaNaE+Noxc2ausVQK4vZ2LqstL3Pso0A/I2cKbTpoVVcuB5kqvjB+9+HD0POAm9CFTodWenq1yoDZ3jVx1HazUfW81Tbk7w/4iZqTdZa6DwssVXfAvV3gv9YzcpC2VvLKskL43k8/4l5i0om9XtJiThILTGsd6G6T8T9IM1Egmh6RlmV+8mD+XpdFt0+yJsLFWaEkTrRNb3lN6rBujyY4JMMo2UjyqGR35oH0B/R/gey3YWqykIuaMiXHp+6BXjVGvEGODoeHKVn6z4th02X84jpCGzzBUds8VNEyzfZ9j7Rlu/d6XOJDNA0dR+C0C86dDSr97686o7gF/NmbvCRtSC0WdnDgg9P0chsZARkkDY7jv/05G0EZLvk3EQcFRhAjhl/Gp+TZTNzlB8saExRjkQQ+9GJmYb3E+lO7L2p0t8lQzX+I0gd9rYnnb/VtJqLyL7UyuwmqIsRaGIHdqZbBs7A9HTxF7K5DcUIfq4zc0aaO0eYbjGwr8DVRVL2uo25rgYpcE8jwNMD0RnGOOG8FKgyaXSP8q+LHfOzY7IOR7JBmay/qxrxapfoGbxfrKjPfw==\n",
            "public_key_pem": "-----BEGIN PUBLIC KEY-----\nMIICIjANBgkqhkiG9w0BAQEFAAOCAg8AMIICCgKCAgEA3askc3izTQqQEPjaR8v8\nZsBPS18bper23EmlVNk95nE+O/YmRvhS+Si2pU/zncetf19Pqc8J8TNFCU2r8Xxj\nMVQwFlysDaA6bVX2pZMl/Y2jWhPjaMXNmrrFUCuL2di6rLS9z7KNAPyNnCm06aFV\nXLgeZKr4wfvfhw9DzgJvQhU6HVnp6tcqA2d41cdR2s1H1vNU25O8P+Imak3WWug8\nLLFV3wL1d4L/WM3KQtlbyyrJC+N5PP+JeYtKJvV7SYk4SC0xrHehuk/E/SDNRIJo\nekZZlfvJg/l6XRbdPsibCxVmhJE60TW95Teqwbo8mOCTDKNlI8qhkd+aB9Af0f4H\nst2FqspCLmjIlx6fugV41RrxBjg6HhylZ+s+LYdNl/OI6Qhs8wVHbPFTRMs32fY+\n0Zbv3elziQzQNHUfgtAvOnQ0q/e+vOqO4BfzZm7wkbUgtFnZw4IPT9HIbGQEZJA2\nO47/9ORtBGS75NxEHBUYQI4Zfxqfk2Uzc5QfLGhMUY5EEPvRiZmG9xPpTuy9qdLf\nJUM1/iNIHfa2J52/1bSai8i+1MrsJqiLEWhiB3amWwbOwPR08ReyuQ3FCH6uM3NG\nmjtHmG4xsK/A1UVS9rqNua4GKXBPI8DTA9EZxjjhvBSoMml0j/Kvix3zs2OyDkey\nQZmsv6sa8WqX6Bm8X6yoz38CAwEAAQ==\n-----END PUBLIC KEY-----\n",
            "rsa_bits": 4096
          },
          "sensitive_attributes": [],
          "private": "bnVsbA=="
        }
      ]
    }
  ]
}
